Microsoft Visual Studio Solution File, Format Version 12.00
# Visual Studio Version 17
VisualStudioVersion = 17.5.2.0
MinimumVisualStudioVersion = 10.0.40219.1
Project("{FAE04EC0-301F-11D3-BF4B-00C04F79EFBC}") = "Git Test", "Git Test.csproj", "{72F458F4-9684-9BEB-6DCA-D529894FCA0B}"
EndProject
Global
	GlobalSection(SolutionConfigurationPlatforms) = preSolution
		Debug|Any CPU = Debug|Any CPU
		Release|Any CPU = Release|Any CPU
	EndGlobalSection
	GlobalSection(ProjectConfigurationPlatforms) = postSolution
		{72F458F4-9684-9BEB-6DCA-D529894FCA0B}.Debug|Any CPU.ActiveCfg = Debug|Any CPU
		{72F458F4-9684-9BEB-6DCA-D529894FCA0B}.Debug|Any CPU.Build.0 = Debug|Any CPU
		{72F458F4-9684-9BEB-6DCA-D529894FCA0B}.Release|Any CPU.ActiveCfg = Release|Any CPU
		{72F458F4-9684-9BEB-6DCA-D529894FCA0B}.Release|Any CPU.Build.0 = Release|Any CPU
	EndGlobalSection
	GlobalSection(SolutionProperties) = preSolution
		HideSolutionNode = FALSE
	EndGlobalSection
	GlobalSection(ExtensibilityGlobals) = postSolution
		SolutionGuid = {1844551B-036B-4D00-A031-60D835C7C9D8}
	EndGlobalSection
EndGlobal
